
Microsoft Visual Studio Solution File, Format Version 12.00
# Visual Studio Version 17
VisualStudioVersion = 17.6.33829.357
MinimumVisualStudioVersion = 10.0.40219.1
Project("{9A19103F-16F7-4668-BE54-9A1E7A4F7556}") = "Verdon", "Verdon\Verdon.csproj", "{C5D5A47B-5E15-4D30-9ED7-8BE971D87AB5}"
EndProject
Project("{2150E333-8FDC-42A3-9474-1A3956D46DE8}") = "Solution Items", "Solution Items", "{4563B4AE-9E2D-4051-B40F-3BD49AAAE320}"
	ProjectSection(SolutionItems) = preProject
		.editorconfig = .editorconfig
	EndProjectSection
EndProject
Global
	GlobalSection(SolutionConfigurationPlatforms) = preSolution
		Debug|Any CPU = Debug|Any CPU
		Release|Any CPU = Release|Any CPU
	EndGlobalSection
	GlobalSection(ProjectConfigurationPlatforms) = postSolution
		{C5D5A47B-5E15-4D30-9ED7-8BE971D87AB5}.Debug|Any CPU.ActiveCfg = Debug|Any CPU
		{C5D5A47B-5E15-4D30-9ED7-8BE971D87AB5}.Debug|Any CPU.Build.0 = Debug|Any CPU
		{C5D5A47B-5E15-4D30-9ED7-8BE971D87AB5}.Release|Any CPU.ActiveCfg = Release|Any CPU
		{C5D5A47B-5E15-4D30-9ED7-8BE971D87AB5}.Release|Any CPU.Build.0 = Release|Any CPU
	EndGlobalSection
	GlobalSection(SolutionProperties) = preSolution
		HideSolutionNode = FALSE
	EndGlobalSection
	GlobalSection(ExtensibilityGlobals) = postSolution
		SolutionGuid = {D0F2EDC5-88C7-4678-8C99-CB8A20733C7B}
	EndGlobalSection
EndGlobal
